
Microsoft Visual Studio Solution File, Format Version 12.00
Project("{FAE04EC0-301F-11D3-BF4B-00C04F79EFBC}") = "DiceRoll", "DiceRoll\DiceRoll.csproj", "{600652FC-3438-4C3D-B2BD-238DBE6F5ADD}"
EndProject
Project("{FAE04EC0-301F-11D3-BF4B-00C04F79EFBC}") = "ImmutableType", "ImmutableType\ImmutableType.csproj", "{4EF68070-9D24-469B-8393-DE937BB4D6F8}"
EndProject
Project("{FAE04EC0-301F-11D3-BF4B-00C04F79EFBC}") = "StructInheritance", "StructInheritance\StructInheritance.csproj", "{BF25B579-AFCC-4424-ABFD-DF7DE7B50BB5}"
EndProject
Global
	GlobalSection(SolutionConfigurationPlatforms) = preSolution
		Debug|Any CPU = Debug|Any CPU
		Release|Any CPU = Release|Any CPU
	EndGlobalSection
	GlobalSection(ProjectConfigurationPlatforms) = postSolution
		{600652FC-3438-4C3D-B2BD-238DBE6F5ADD}.Debug|Any CPU.ActiveCfg = Debug|Any CPU
		{600652FC-3438-4C3D-B2BD-238DBE6F5ADD}.Debug|Any CPU.Build.0 = Debug|Any CPU
		{600652FC-3438-4C3D-B2BD-238DBE6F5ADD}.Release|Any CPU.ActiveCfg = Release|Any CPU
		{600652FC-3438-4C3D-B2BD-238DBE6F5ADD}.Release|Any CPU.Build.0 = Release|Any CPU
		{4EF68070-9D24-469B-8393-DE937BB4D6F8}.Debug|Any CPU.ActiveCfg = Debug|Any CPU
		{4EF68070-9D24-469B-8393-DE937BB4D6F8}.Debug|Any CPU.Build.0 = Debug|Any CPU
		{4EF68070-9D24-469B-8393-DE937BB4D6F8}.Release|Any CPU.ActiveCfg = Release|Any CPU
		{4EF68070-9D24-469B-8393-DE937BB4D6F8}.Release|Any CPU.Build.0 = Release|Any CPU
		{BF25B579-AFCC-4424-ABFD-DF7DE7B50BB5}.Debug|Any CPU.ActiveCfg = Debug|Any CPU
		{BF25B579-AFCC-4424-ABFD-DF7DE7B50BB5}.Debug|Any CPU.Build.0 = Debug|Any CPU
		{BF25B579-AFCC-4424-ABFD-DF7DE7B50BB5}.Release|Any CPU.ActiveCfg = Release|Any CPU
		{BF25B579-AFCC-4424-ABFD-DF7DE7B50BB5}.Release|Any CPU.Build.0 = Release|Any CPU
	EndGlobalSection
EndGlobal
