
Microsoft Visual Studio Solution File, Format Version 12.00
Project("{FAE04EC0-301F-11D3-BF4B-00C04F79EFBC}") = "EventBus", "EventBus\EventBus.csproj", "{BFB64523-B15B-464F-B269-472FA6946AE8}"
EndProject
Project("{FAE04EC0-301F-11D3-BF4B-00C04F79EFBC}") = "SunLoungers", "SunLoungers\SunLoungers.csproj", "{DBA67C51-73CA-4C27-9FC1-3134E6775CC8}"
EndProject
Project("{FAE04EC0-301F-11D3-BF4B-00C04F79EFBC}") = "ExpressFactors", "ExpressFactors\ExpressFactors.csproj", "{FE902309-B56D-4667-AB22-7C8180255327}"
EndProject
Global
	GlobalSection(SolutionConfigurationPlatforms) = preSolution
		Debug|Any CPU = Debug|Any CPU
		Release|Any CPU = Release|Any CPU
	EndGlobalSection
	GlobalSection(ProjectConfigurationPlatforms) = postSolution
		{BFB64523-B15B-464F-B269-472FA6946AE8}.Debug|Any CPU.ActiveCfg = Debug|Any CPU
		{BFB64523-B15B-464F-B269-472FA6946AE8}.Debug|Any CPU.Build.0 = Debug|Any CPU
		{BFB64523-B15B-464F-B269-472FA6946AE8}.Release|Any CPU.ActiveCfg = Release|Any CPU
		{BFB64523-B15B-464F-B269-472FA6946AE8}.Release|Any CPU.Build.0 = Release|Any CPU
		{DBA67C51-73CA-4C27-9FC1-3134E6775CC8}.Debug|Any CPU.ActiveCfg = Debug|Any CPU
		{DBA67C51-73CA-4C27-9FC1-3134E6775CC8}.Debug|Any CPU.Build.0 = Debug|Any CPU
		{DBA67C51-73CA-4C27-9FC1-3134E6775CC8}.Release|Any CPU.ActiveCfg = Release|Any CPU
		{DBA67C51-73CA-4C27-9FC1-3134E6775CC8}.Release|Any CPU.Build.0 = Release|Any CPU
		{FE902309-B56D-4667-AB22-7C8180255327}.Debug|Any CPU.ActiveCfg = Debug|Any CPU
		{FE902309-B56D-4667-AB22-7C8180255327}.Debug|Any CPU.Build.0 = Debug|Any CPU
		{FE902309-B56D-4667-AB22-7C8180255327}.Release|Any CPU.ActiveCfg = Release|Any CPU
		{FE902309-B56D-4667-AB22-7C8180255327}.Release|Any CPU.Build.0 = Release|Any CPU
	EndGlobalSection
EndGlobal
