
Microsoft Visual Studio Solution File, Format Version 12.00
Project("{FAE04EC0-301F-11D3-BF4B-00C04F79EFBC}") = "HashTable", "HashTable\HashTable.csproj", "{834D032F-3E23-4258-A566-BFA08ECA53B2}"
EndProject
Project("{FAE04EC0-301F-11D3-BF4B-00C04F79EFBC}") = "MinStack", "MinStack\MinStack.csproj", "{72E104B9-272E-4FF1-9307-B17008860268}"
EndProject
Project("{FAE04EC0-301F-11D3-BF4B-00C04F79EFBC}") = "PasswordGenerator", "PasswordGenerator\PasswordGenerator.csproj", "{2FF92BBE-B956-4EE3-8747-C63C9F4B09D9}"
EndProject
Global
	GlobalSection(SolutionConfigurationPlatforms) = preSolution
		Debug|Any CPU = Debug|Any CPU
		Release|Any CPU = Release|Any CPU
	EndGlobalSection
	GlobalSection(ProjectConfigurationPlatforms) = postSolution
		{834D032F-3E23-4258-A566-BFA08ECA53B2}.Debug|Any CPU.ActiveCfg = Debug|Any CPU
		{834D032F-3E23-4258-A566-BFA08ECA53B2}.Debug|Any CPU.Build.0 = Debug|Any CPU
		{834D032F-3E23-4258-A566-BFA08ECA53B2}.Release|Any CPU.ActiveCfg = Release|Any CPU
		{834D032F-3E23-4258-A566-BFA08ECA53B2}.Release|Any CPU.Build.0 = Release|Any CPU
		{72E104B9-272E-4FF1-9307-B17008860268}.Debug|Any CPU.ActiveCfg = Debug|Any CPU
		{72E104B9-272E-4FF1-9307-B17008860268}.Debug|Any CPU.Build.0 = Debug|Any CPU
		{72E104B9-272E-4FF1-9307-B17008860268}.Release|Any CPU.ActiveCfg = Release|Any CPU
		{72E104B9-272E-4FF1-9307-B17008860268}.Release|Any CPU.Build.0 = Release|Any CPU
		{2FF92BBE-B956-4EE3-8747-C63C9F4B09D9}.Debug|Any CPU.ActiveCfg = Debug|Any CPU
		{2FF92BBE-B956-4EE3-8747-C63C9F4B09D9}.Debug|Any CPU.Build.0 = Debug|Any CPU
		{2FF92BBE-B956-4EE3-8747-C63C9F4B09D9}.Release|Any CPU.ActiveCfg = Release|Any CPU
		{2FF92BBE-B956-4EE3-8747-C63C9F4B09D9}.Release|Any CPU.Build.0 = Release|Any CPU
	EndGlobalSection
EndGlobal
