
Microsoft Visual Studio Solution File, Format Version 12.00
Project("{FAE04EC0-301F-11D3-BF4B-00C04F79EFBC}") = "DeadLock", "DeadLock\DeadLock.csproj", "{A87ECF1A-9E96-4FFC-9F6D-9B398600B112}"
EndProject
Project("{FAE04EC0-301F-11D3-BF4B-00C04F79EFBC}") = "SyncOutput", "SyncOutput\SyncOutput.csproj", "{D6C45E2F-69AB-4D64-9AC7-28E163C3D06D}"
EndProject
Project("{FAE04EC0-301F-11D3-BF4B-00C04F79EFBC}") = "FooBar", "FooBar\FooBar.csproj", "{E7FE60A5-EC81-41BD-AFE5-14B28000C18C}"
EndProject
Global
	GlobalSection(SolutionConfigurationPlatforms) = preSolution
		Debug|Any CPU = Debug|Any CPU
		Release|Any CPU = Release|Any CPU
	EndGlobalSection
	GlobalSection(ProjectConfigurationPlatforms) = postSolution
		{A87ECF1A-9E96-4FFC-9F6D-9B398600B112}.Debug|Any CPU.ActiveCfg = Debug|Any CPU
		{A87ECF1A-9E96-4FFC-9F6D-9B398600B112}.Debug|Any CPU.Build.0 = Debug|Any CPU
		{A87ECF1A-9E96-4FFC-9F6D-9B398600B112}.Release|Any CPU.ActiveCfg = Release|Any CPU
		{A87ECF1A-9E96-4FFC-9F6D-9B398600B112}.Release|Any CPU.Build.0 = Release|Any CPU
		{D6C45E2F-69AB-4D64-9AC7-28E163C3D06D}.Debug|Any CPU.ActiveCfg = Debug|Any CPU
		{D6C45E2F-69AB-4D64-9AC7-28E163C3D06D}.Debug|Any CPU.Build.0 = Debug|Any CPU
		{D6C45E2F-69AB-4D64-9AC7-28E163C3D06D}.Release|Any CPU.ActiveCfg = Release|Any CPU
		{D6C45E2F-69AB-4D64-9AC7-28E163C3D06D}.Release|Any CPU.Build.0 = Release|Any CPU
		{E7FE60A5-EC81-41BD-AFE5-14B28000C18C}.Debug|Any CPU.ActiveCfg = Debug|Any CPU
		{E7FE60A5-EC81-41BD-AFE5-14B28000C18C}.Debug|Any CPU.Build.0 = Debug|Any CPU
		{E7FE60A5-EC81-41BD-AFE5-14B28000C18C}.Release|Any CPU.ActiveCfg = Release|Any CPU
		{E7FE60A5-EC81-41BD-AFE5-14B28000C18C}.Release|Any CPU.Build.0 = Release|Any CPU
	EndGlobalSection
EndGlobal
